
Microsoft Visual Studio Solution File, Format Version 12.00
# Visual Studio 15
Project("{FAE04EC0-301F-11D3-BF4B-00C04F79EFBC}") = "Forms", "Forms.csproj", "{F06F8D9B-5314-45DC-9E96-2ACAC1B31A21}"
EndProject
Global
	GlobalSection(SolutionConfigurationPlatforms) = preSolution
		Debug|Any CPU = Debug|Any CPU
		Release|Any CPU = Release|Any CPU
	EndGlobalSection
	GlobalSection(ProjectConfigurationPlatforms) = postSolution
		{F06F8D9B-5314-45DC-9E96-2ACAC1B31A21}.Debug|Any CPU.ActiveCfg = Debug|Any CPU
		{F06F8D9B-5314-45DC-9E96-2ACAC1B31A21}.Debug|Any CPU.Build.0 = Debug|Any CPU
		{F06F8D9B-5314-45DC-9E96-2ACAC1B31A21}.Release|Any CPU.ActiveCfg = Release|Any CPU
		{F06F8D9B-5314-45DC-9E96-2ACAC1B31A21}.Release|Any CPU.Build.0 = Release|Any CPU
	EndGlobalSection
EndGlobal
